<?xml version="1.0" encoding="utf-8"?>
<Project ToolsVersion="4.0" xmlns="http://schemas.microsoft.com/developer/msbuild/2003">
  <ItemGroup>
    <Filter Include="Source Files">
      <UniqueIdentifier>{4FC737F1-C7A5-4376-A066-2A32D752A2FF}</UniqueIdentifier>
      <Extensions>cpp;c;cc;cxx;c++;cppm;ixx;def;odl;idl;hpj;bat;asm;asmx</Extensions>
    </Filter>
    <Filter Include="Header Files">
      <UniqueIdentifier>{93995380-89BD-4b04-88EB-625FBE52EBFB}</UniqueIdentifier>
      <Extensions>h;hh;hpp;hxx;h++;hm;inl;inc;ipp;xsd</Extensions>
    </Filter>
    <Filter Include="Resource Files">
      <UniqueIdentifier>{67DA6AB6-F800-4c08-8B7A-83BB121AAD01}</UniqueIdentifier>
      <Extensions>rc;ico;cur;bmp;dlg;rc2;rct;bin;rgs;gif;jpg;jpeg;jpe;resx;tiff;tif;png;wav;mfcribbon-ms</Extensions>
    </Filter>
    <Filter Include="Header Files\src">
      <UniqueIdentifier>{B2C3D4E5-F6A7-8901-BCDE-F12345678901}</UniqueIdentifier>
    </Filter>
    <Filter Include="Source Files\imgui">
      <UniqueIdentifier>{A1B2C3D4-E5F6-7890-ABCD-EF1234567890}</UniqueIdentifier>
    </Filter>
    <Filter Include="Header Files\Imgui">
      <UniqueIdentifier>{61ad3bfe-cf6e-4e57-8fe8-ddc845b50ab6}</UniqueIdentifier>
    </Filter>
  </ItemGroup>
  <ItemGroup>
    <ClCompile Include="src\Bhop.cpp">
      <Filter>Source Files</Filter>
    </ClCompile>
    <ClCompile Include="src\Triggerbot.cpp">
      <Filter>Source Files</Filter>
    </ClCompile>
    <ClCompile Include="src\Config.cpp">
      <Filter>Source Files</Filter>
    </ClCompile>
    <ClCompile Include="src\ConsoleUi.cpp">
      <Filter>Source Files</Filter>
    </ClCompile>
    <ClCompile Include="src\DumperValidator.cpp">
      <Filter>Source Files</Filter>
    </ClCompile>
    <ClCompile Include="src\Draw.cpp">
      <Filter>Source Files</Filter>
    </ClCompile>
    <ClCompile Include="src\Entity.cpp">
      <Filter>Source Files</Filter>
    </ClCompile>
    <ClCompile Include="src\Esp.cpp">
      <Filter>Source Files</Filter>
    </ClCompile>
    <ClCompile Include="src\Main.cpp">
      <Filter>Source Files</Filter>
    </ClCompile>
    <ClCompile Include="src\Memory.cpp">
      <Filter>Source Files</Filter>
    </ClCompile>
    <ClCompile Include="src\Menu.cpp">
      <Filter>Source Files</Filter>
    </ClCompile>
    <ClCompile Include="src\Offsets.cpp">
      <Filter>Source Files</Filter>
    </ClCompile>
    <ClCompile Include="src\Overlay.cpp">
      <Filter>Source Files</Filter>
    </ClCompile>
    <ClCompile Include="src\WorldTransform.cpp">
      <Filter>Source Files</Filter>
    </ClCompile>
    <ClCompile Include="imgui.cpp">
      <Filter>Source Files\imgui</Filter>
    </ClCompile>
    <ClCompile Include="imgui_draw.cpp">
      <Filter>Source Files\imgui</Filter>
    </ClCompile>
    <ClCompile Include="imgui_impl_dx11.cpp">
      <Filter>Source Files\imgui</Filter>
    </ClCompile>
    <ClCompile Include="imgui_impl_win32.cpp">
      <Filter>Source Files\imgui</Filter>
    </ClCompile>
    <ClCompile Include="imgui_tables.cpp">
      <Filter>Source Files\imgui</Filter>
    </ClCompile>
    <ClCompile Include="imgui_widgets.cpp">
      <Filter>Source Files\imgui</Filter>
    </ClCompile>
    <ClCompile Include="Glow.cpp">
      <Filter>Source Files</Filter>
    </ClCompile>
    <ClCompile Include="src\Aimlock.cpp">
      <Filter>Source Files</Filter>
    </ClCompile>
    <ClCompile Include="src\AntiFlash.cpp">
      <Filter>Source Files</Filter>
    </ClCompile>
    <ClCompile Include="src\AntiSmoke.cpp">
      <Filter>Source Files</Filter>
    </ClCompile>
    <ClCompile Include="src\Skeleton.cpp">
      <Filter>Source Files</Filter>
    </ClCompile>
    <ClCompile Include="src\SmokeColor.cpp">
      <Filter>Source Files</Filter>
    </ClCompile>
    <ClCompile Include="src\PatchRestore.cpp">
      <Filter>Source Files</Filter>
    </ClCompile>
    <ClCompile Include="src\Stats.cpp">
      <Filter>Source Files</Filter>
    </ClCompile>
    <ClCompile Include="src\BombInfo.cpp">
      <Filter>Source Files</Filter>
    </ClCompile>
    <ClCompile Include="src\WeaponIcons.cpp">
      <Filter>Source Files</Filter>
    </ClCompile>
    <ClCompile Include="src\WeaponInfo.cpp">
      <Filter>Source Files</Filter>
    </ClCompile>
    <ClCompile Include="src\OtherGlow.cpp">
      <Filter>Source Files</Filter>
    </ClCompile>
    <ClCompile Include="src\RadarHack.cpp">
      <Filter>Source Files</Filter>
    </ClCompile>
    <ClCompile Include="src\Crosshair.cpp">
      <Filter>Source Files</Filter>
    </ClCompile>
    <ClCompile Include="src\SpectatorList.cpp">
      <Filter>Source Files</Filter>
    </ClCompile>
    <ClCompile Include="src\GrenadeTrajectory.cpp">
      <Filter>Source Files</Filter>
    </ClCompile>
    <ClCompile Include="src\InventoryChanger.cpp">
      <Filter>Source Files</Filter>
    </ClCompile>
    <ClCompile Include="src\InventoryCatalog.cpp">
      <Filter>Source Files</Filter>
    </ClCompile>
    <ClCompile Include="src\InventoryPreview.cpp">
      <Filter>Source Files</Filter>
    </ClCompile>
    <ClCompile Include="src\InventoryPersistence.cpp">
      <Filter>Source Files</Filter>
    </ClCompile>
    <ClCompile Include="src\InventoryStore.cpp">
      <Filter>Source Files</Filter>
    </ClCompile>
    <ClCompile Include="src\InventoryValidator.cpp">
      <Filter>Source Files</Filter>
    </ClCompile>
    <ClCompile Include="src\InventoryIpcController.cpp">
      <Filter>Source Files</Filter>
    </ClCompile>
    <ClCompile Include="src\InventoryIpcServer.cpp">
      <Filter>Source Files</Filter>
    </ClCompile>
    <ClCompile Include="src\InventoryProtocol.cpp">
      <Filter>Source Files</Filter>
    </ClCompile>
    <ClCompile Include="src\InventoryLog.cpp">
      <Filter>Source Files</Filter>
    </ClCompile>
    <ClCompile Include="src\Localization.cpp">
      <Filter>Source Files</Filter>
    </ClCompile>
    <ClCompile Include="src\ModelDiagnostics.cpp">
      <Filter>Source Files</Filter>
    </ClCompile>
    <ClCompile Include="src\TextFonts.cpp">
      <Filter>Source Files</Filter>
    </ClCompile>
    <ClCompile Include="src\UiAppearance.cpp">
      <Filter>Source Files</Filter>
    </ClCompile>
  </ItemGroup>
  <ItemGroup>
    <ClInclude Include="src\Config.h">
      <Filter>Header Files\src</Filter>
    </ClInclude>
    <ClInclude Include="src\ConsoleUi.h">
      <Filter>Header Files\src</Filter>
    </ClInclude>
    <ClInclude Include="src\DumperValidator.h">
      <Filter>Header Files\src</Filter>
    </ClInclude>
    <ClInclude Include="src\Draw.h">
      <Filter>Header Files\src</Filter>
    </ClInclude>
    <ClInclude Include="src\Entity.h">
      <Filter>Header Files\src</Filter>
    </ClInclude>
    <ClInclude Include="src\Esp.h">
      <Filter>Header Files\src</Filter>
    </ClInclude>
    <ClInclude Include="src\WorldTransform.h">
      <Filter>Header Files\src</Filter>
    </ClInclude>
    <ClInclude Include="src\Memory.h">
      <Filter>Header Files\src</Filter>
    </ClInclude>
    <ClInclude Include="src\Menu.h">
      <Filter>Header Files\src</Filter>
    </ClInclude>
    <ClInclude Include="src\Offsets.h">
      <Filter>Header Files\src</Filter>
    </ClInclude>
    <ClInclude Include="src\Overlay.h">
      <Filter>Header Files\src</Filter>
    </ClInclude>
    <ClInclude Include="src\Types.h">
      <Filter>Header Files\src</Filter>
    </ClInclude>
    <ClInclude Include="src\Bhop.h">
      <Filter>Header Files\src</Filter>
    </ClInclude>
    <ClInclude Include="src\Triggerbot.h">
      <Filter>Header Files\src</Filter>
    </ClInclude>
    <ClInclude Include="imconfig.h">
      <Filter>Header Files\Imgui</Filter>
    </ClInclude>
    <ClInclude Include="imgui.h">
      <Filter>Header Files\Imgui</Filter>
    </ClInclude>
    <ClInclude Include="imgui_impl_dx11.h">
      <Filter>Header Files\Imgui</Filter>
    </ClInclude>
    <ClInclude Include="imgui_internal.h">
      <Filter>Header Files\Imgui</Filter>
    </ClInclude>
    <ClInclude Include="imgui_impl_win32.h">
      <Filter>Header Files\Imgui</Filter>
    </ClInclude>
    <ClInclude Include="imstb_rectpack.h">
      <Filter>Header Files\Imgui</Filter>
    </ClInclude>
    <ClInclude Include="imstb_truetype.h">
      <Filter>Header Files\Imgui</Filter>
    </ClInclude>
    <ClInclude Include="imstb_textedit.h">
      <Filter>Header Files\Imgui</Filter>
    </ClInclude>
    <ClInclude Include="ide_hints.h">
      <Filter>Header Files\Imgui</Filter>
    </ClInclude>
    <ClInclude Include="Glow.h">
      <Filter>Header Files</Filter>
    </ClInclude>
    <ClInclude Include="src\Aimlock.h">
      <Filter>Header Files\src</Filter>
    </ClInclude>
    <ClInclude Include="src\AntiFlash.h">
      <Filter>Header Files</Filter>
    </ClInclude>
    <ClInclude Include="src\AntiSmoke.h">
      <Filter>Header Files</Filter>
    </ClInclude>
    <ClInclude Include="src\Skeleton.h">
      <Filter>Header Files</Filter>
    </ClInclude>
    <ClInclude Include="src\SmokeColor.h">
      <Filter>Header Files</Filter>
    </ClInclude>
    <ClInclude Include="src\PatchRestore.h">
      <Filter>Header Files</Filter>
    </ClInclude>
    <ClInclude Include="src\Stats.h">
      <Filter>Header Files</Filter>
    </ClInclude>
    <ClInclude Include="src\BombInfo.h">
      <Filter>Header Files</Filter>
    </ClInclude>
    <ClInclude Include="src\WeaponIcons.h">
      <Filter>Header Files</Filter>
    </ClInclude>
    <ClInclude Include="src\WeaponInfo.h">
      <Filter>Header Files</Filter>
    </ClInclude>
    <ClInclude Include="src\OtherGlow.h">
      <Filter>Header Files</Filter>
    </ClInclude>
    <ClInclude Include="src\RadarHack.h">
      <Filter>Header Files</Filter>
    </ClInclude>
    <ClInclude Include="src\Crosshair.h">
      <Filter>Header Files</Filter>
    </ClInclude>
    <ClInclude Include="src\SpectatorList.h">
      <Filter>Header Files</Filter>
    </ClInclude>
    <ClInclude Include="src\GrenadeTrajectory.h">
      <Filter>Header Files</Filter>
    </ClInclude>
    <ClInclude Include="src\InventoryChanger.h">
      <Filter>Header Files</Filter>
    </ClInclude>
    <ClInclude Include="src\InventoryCatalog.h">
      <Filter>Header Files</Filter>
    </ClInclude>
    <ClInclude Include="src\InventoryPreview.h">
      <Filter>Header Files</Filter>
    </ClInclude>
    <ClInclude Include="src\InventoryPersistence.h">
      <Filter>Header Files</Filter>
    </ClInclude>
    <ClInclude Include="src\InventoryStore.h">
      <Filter>Header Files</Filter>
    </ClInclude>
    <ClInclude Include="src\InventoryTypes.h">
      <Filter>Header Files</Filter>
    </ClInclude>
    <ClInclude Include="src\InventoryValidator.h">
      <Filter>Header Files</Filter>
    </ClInclude>
    <ClInclude Include="src\InventoryIpcController.h">
      <Filter>Header Files</Filter>
    </ClInclude>
    <ClInclude Include="src\InventoryIpcServer.h">
      <Filter>Header Files</Filter>
    </ClInclude>
    <ClInclude Include="src\InventoryProtocol.h">
      <Filter>Header Files</Filter>
    </ClInclude>
    <ClInclude Include="src\InventoryLog.h">
      <Filter>Header Files</Filter>
    </ClInclude>
    <ClInclude Include="src\PanoramaBridgeContract.h">
      <Filter>Header Files</Filter>
    </ClInclude>
    <ClInclude Include="src\Localization.h">
      <Filter>Header Files</Filter>
    </ClInclude>
    <ClInclude Include="src\TextFonts.h">
      <Filter>Header Files</Filter>
    </ClInclude>
    <ClInclude Include="src\UiAppearance.h">
      <Filter>Header Files</Filter>
    </ClInclude>
    <ClInclude Include="src\ModelDiagnostics.h">
      <Filter>Header Files</Filter>
    </ClInclude>
  </ItemGroup>
  <ItemGroup>
    <ResourceCompile Include="OverlayAI.rc">
      <Filter>Resource Files</Filter>
    </ResourceCompile>
    <Image Include="resources\OverlayAI.icon.ico">
      <Filter>Resource Files</Filter>
    </Image>
  </ItemGroup>
  <ItemGroup>
    <None Include="src\InventoryCatalogData.inc">
      <Filter>Header Files</Filter>
    </None>
    <None Include="third_party\nlohmann\json.hpp">
      <Filter>Header Files</Filter>
    </None>
    <None Include="third_party\nlohmann\LICENSE.MIT">
      <Filter>Header Files</Filter>
    </None>
    <None Include="tools\TestInventoryIpc.ps1" />
    <None Include="tools\ValidatePanoramaPrototype.ps1" />
    <None Include="tools\TestPanoramaFrontend.js" />
    <None Include="panorama\layout\overlayai_local_inventory.xml" />
    <None Include="panorama\styles\overlayai_local_inventory.css" />
    <None Include="panorama\scripts\overlayai_local_inventory.js" />
    <None Include="panorama\PANORAMA_BRIDGE_CONTRACT.md" />
    <None Include="panorama\PANORAMA_MOUNT_RESEARCH.md" />
    <None Include="panorama\THIRD_PARTY_INVENTORY_AUDIT.md" />
  </ItemGroup>
</Project>